
Microsoft Visual Studio Solution File, Format Version 12.00
# Visual Studio Version 16
VisualStudioVersion = 16.0.31321.278
MinimumVisualStudioVersion = 10.0.40219.1
Project("{FAE04EC0-301F-11D3-BF4B-00C04F79EFBC}") = "StrykerNet", "StrykerNet\StrykerNet.csproj", "{14D2F6F5-361E-4F1A-B5A2-4708CC902EA9}"
EndProject
Project("{FAE04EC0-301F-11D3-BF4B-00C04F79EFBC}") = "BusinessClass", "BusinessClass\BusinessClass.csproj", "{38BD7005-E56C-484F-98E6-EA205DEB6763}"
EndProject
Global
	GlobalSection(SolutionConfigurationPlatforms) = preSolution
		Debug|Any CPU = Debug|Any CPU
		Release|Any CPU = Release|Any CPU
	EndGlobalSection
	GlobalSection(ProjectConfigurationPlatforms) = postSolution
		{14D2F6F5-361E-4F1A-B5A2-4708CC902EA9}.Debug|Any CPU.ActiveCfg = Debug|Any CPU
		{14D2F6F5-361E-4F1A-B5A2-4708CC902EA9}.Debug|Any CPU.Build.0 = Debug|Any CPU
		{14D2F6F5-361E-4F1A-B5A2-4708CC902EA9}.Release|Any CPU.ActiveCfg = Release|Any CPU
		{14D2F6F5-361E-4F1A-B5A2-4708CC902EA9}.Release|Any CPU.Build.0 = Release|Any CPU
		{38BD7005-E56C-484F-98E6-EA205DEB6763}.Debug|Any CPU.ActiveCfg = Debug|Any CPU
		{38BD7005-E56C-484F-98E6-EA205DEB6763}.Debug|Any CPU.Build.0 = Debug|Any CPU
		{38BD7005-E56C-484F-98E6-EA205DEB6763}.Release|Any CPU.ActiveCfg = Release|Any CPU
		{38BD7005-E56C-484F-98E6-EA205DEB6763}.Release|Any CPU.Build.0 = Release|Any CPU
	EndGlobalSection
	GlobalSection(SolutionProperties) = preSolution
		HideSolutionNode = FALSE
	EndGlobalSection
	GlobalSection(ExtensibilityGlobals) = postSolution
		SolutionGuid = {368BB843-502E-4763-838D-11D961903AB3}
	EndGlobalSection
EndGlobal
